# THIS IS AN AUTOGENERATED FILE. DO NOT EDIT THIS FILE DIRECTLY.
# yarn lockfile v1


intact-shared@^3.0.13:
  version "3.0.13"
  resolved "https://registry.npmmirror.com/intact-shared/-/intact-shared-3.0.13.tgz#e8e6f36d95cded2d9d5a3e1302a3315e9d182cf6"
  integrity sha512-DClf1YscE9RYOeYAY3BFv1UuFt5SvrO2kLL9QbZbWGDaroEVuX/2F2UcisjE3PNbDvVtZ8+pbRZ8P/kZy9YnNQ==

intact@^3.0.13:
  version "3.0.13"
  resolved "https://registry.npmmirror.com/intact/-/intact-3.0.13.tgz#19c7cb0424e532b68a4a3f5f43229ddd0d3f8709"
  integrity sha512-RTZOY72BOXOcpb1BswmhDMtbOLo0EoiHFT/HBjpXUTRu2TRnNm5yFh0VIF7dL1ZREYxiKEpvPUFIoFhwjMRzRg==
  dependencies:
    intact-shared "^3.0.13"
    misstime "^3.0.13"
    tslib "^2.2.0"
    vdt "^3.0.13"
    vdt-compiler "^3.0.13"

misstime@^3.0.13:
  version "3.0.13"
  resolved "https://registry.npmmirror.com/misstime/-/misstime-3.0.13.tgz#b9f614627eda9fe25b7db08768fa08858dce61e2"
  integrity sha512-a5Md2dpyyT+0tRAHdIQi1NEWfFOPfPTvqpvqJ1CzT8zZDd/DesGjCt4+pAi88fBcDnmdw213PMe1lNwvSlmo0A==
  dependencies:
    intact-shared "^3.0.13"

tslib@^2.2.0, tslib@^2.3.1:
  version "2.3.1"
  resolved "https://registry.nlark.com/tslib/download/tslib-2.3.1.tgz#e8a335add5ceae51aa261d32a490158ef042ef01"
  integrity sha1-6KM1rdXOrlGqJh0ypJAVjvBC7wE=

vdt-compiler@^3.0.13:
  version "3.0.13"
  resolved "https://registry.npmmirror.com/vdt-compiler/-/vdt-compiler-3.0.13.tgz#bfbf4f58b60ee4ad9b571c43e50bd872f62c59ff"
  integrity sha512-lNTsB9M4mGmcUr21hro1lOcVHFXQBsO14c3K6WUlOGQgJvjp4ELhjIIbaL525Q//O08geviNuvf1V2gK/4Xtmg==
  dependencies:
    intact-shared "^3.0.13"
    misstime "^3.0.13"
    tslib "^2.2.0"

vdt@^3.0.13:
  version "3.0.13"
  resolved "https://registry.npmmirror.com/vdt/-/vdt-3.0.13.tgz#ca74d3469529468c997f0b7bf12c6a7c5ea81a59"
  integrity sha512-AOzc0FInl4CfRod5p/dG5C54pocLOhr1W+e+vxeHpHs2RLAICyGXYEoUvQTwzEIJC4iXgD/unzsX+6BJTnintQ==
  dependencies:
    intact-shared "^3.0.13"
    misstime "^3.0.13"
    tslib "^2.2.0"
