# THIS IS AN AUTOGENERATED FILE. DO NOT EDIT THIS FILE DIRECTLY.
# yarn lockfile v1


"@types/chai@^4.2.21":
  version "4.2.21"
  resolved "https://registry.nlark.com/@types/chai/download/@types/chai-4.2.21.tgz#9f35a5643129df132cf3b5c1ec64046ea1af0650"
  integrity sha1-nzWlZDEp3xMs87XB7GQEbqGvBlA=

"@types/prop-types@*":
  version "15.7.4"
  resolved "https://registry.nlark.com/@types/prop-types/download/@types/prop-types-15.7.4.tgz?cache=0&sync_timestamp=1629708789374&other_urls=https%3A%2F%2Fregistry.nlark.com%2F%40types%2Fprop-types%2Fdownload%2F%40types%2Fprop-types-15.7.4.tgz#fcf7205c25dff795ee79af1e30da2c9790808f11"
  integrity sha1-/PcgXCXf95Xuea8eMNosl5CAjxE=

"@types/react-dom@^17.0.9":
  version "17.0.9"
  resolved "https://registry.nlark.com/@types/react-dom/download/@types/react-dom-17.0.9.tgz#441a981da9d7be117042e1a6fd3dac4b30f55add"
  integrity sha1-RBqYHanXvhFwQuGm/T2sSzD1Wt0=
  dependencies:
    "@types/react" "*"

"@types/react@*", "@types/react@^17.0.19":
  version "17.0.19"
  resolved "https://registry.nlark.com/@types/react/download/@types/react-17.0.19.tgz#8f2a85e8180a43b57966b237d26a29481dacc991"
  integrity sha1-jyqF6BgKQ7V5ZrI30mopSB2syZE=
  dependencies:
    "@types/prop-types" "*"
    "@types/scheduler" "*"
    csstype "^3.0.2"

"@types/scheduler@*":
  version "0.16.2"
  resolved "https://registry.nlark.com/@types/scheduler/download/@types/scheduler-0.16.2.tgz?cache=0&sync_timestamp=1629709281824&other_urls=https%3A%2F%2Fregistry.nlark.com%2F%40types%2Fscheduler%2Fdownload%2F%40types%2Fscheduler-0.16.2.tgz#1a62f89525723dde24ba1b01b092bf5df8ad4d39"
  integrity sha1-GmL4lSVyPd4kuhsBsJK/XfitTTk=

csstype@^3.0.2:
  version "3.0.8"
  resolved "https://registry.nlark.com/csstype/download/csstype-3.0.8.tgz#d2266a792729fb227cd216fb572f43728e1ad340"
  integrity sha1-0iZqeScp+yJ80hb7Vy9Dco4a00A=

intact-shared@^3.0.0-beta.11:
  version "3.0.0-beta.11"
  resolved "https://registry.nlark.com/intact-shared/download/intact-shared-3.0.0-beta.11.tgz#adb14f02b5addb41087578493a66843dfee4c834"
  integrity sha1-rbFPArWt20EIdXhJOmaEPf7kyDQ=

intact@^3.0.0-beta.11:
  version "3.0.0-beta.11"
  resolved "https://registry.nlark.com/intact/download/intact-3.0.0-beta.11.tgz#af16c99695314e3dc3fe99843ea722fc18811d79"
  integrity sha1-rxbJlpUxTj3D/pmEPqci/BiBHXk=
  dependencies:
    intact-shared "^3.0.0-beta.11"
    misstime "^3.0.0-beta.11"
    tslib "^2.2.0"
    vdt "^3.0.0-beta.11"
    vdt-compiler "^3.0.0-beta.11"

misstime@^3.0.0-beta.11:
  version "3.0.0-beta.11"
  resolved "https://registry.nlark.com/misstime/download/misstime-3.0.0-beta.11.tgz#8354b845d6810aeea45c4a3923fab8da08f5f493"
  integrity sha1-g1S4RdaBCu6kXEo5I/q42gj19JM=
  dependencies:
    intact-shared "^3.0.0-beta.11"

tslib@^2.2.0, tslib@^2.3.1:
  version "2.3.1"
  resolved "https://registry.nlark.com/tslib/download/tslib-2.3.1.tgz#e8a335add5ceae51aa261d32a490158ef042ef01"
  integrity sha1-6KM1rdXOrlGqJh0ypJAVjvBC7wE=

vdt-compiler@^3.0.0-beta.11:
  version "3.0.0-beta.11"
  resolved "https://registry.nlark.com/vdt-compiler/download/vdt-compiler-3.0.0-beta.11.tgz#d9af19b15778c756089ab2ef9163e57c10c71332"
  integrity sha1-2a8ZsVd4x1YImrLvkWPlfBDHEzI=
  dependencies:
    intact-shared "^3.0.0-beta.11"
    misstime "^3.0.0-beta.11"
    tslib "^2.2.0"

vdt@^3.0.0-beta.11:
  version "3.0.0-beta.11"
  resolved "https://registry.nlark.com/vdt/download/vdt-3.0.0-beta.11.tgz#768f38d1998385efb2141c6cb01739b53c3a3f07"
  integrity sha1-do840ZmDhe+yFBxssBc5tTw6Pwc=
  dependencies:
    intact-shared "^3.0.0-beta.11"
    misstime "^3.0.0-beta.11"
    tslib "^2.2.0"
